
Microsoft Visual Studio Solution File, Format Version 12.00
# Visual Studio Version 17
VisualStudioVersion = 17.6.33815.320
MinimumVisualStudioVersion = 10.0.40219.1
Project("{FAE04EC0-301F-11D3-BF4B-00C04F79EFBC}") = "SMCL", "SMCL\SMCL.csproj", "{20DEFCE4-496F-47A1-A1DC-0F5BFD60DFAC}"
EndProject
Global
	GlobalSection(SolutionConfigurationPlatforms) = preSolution
		Debug|Any CPU = Debug|Any CPU
		Release|Any CPU = Release|Any CPU
	EndGlobalSection
	GlobalSection(ProjectConfigurationPlatforms) = postSolution
		{20DEFCE4-496F-47A1-A1DC-0F5BFD60DFAC}.Debug|Any CPU.ActiveCfg = Debug|Any CPU
		{20DEFCE4-496F-47A1-A1DC-0F5BFD60DFAC}.Debug|Any CPU.Build.0 = Debug|Any CPU
		{20DEFCE4-496F-47A1-A1DC-0F5BFD60DFAC}.Release|Any CPU.ActiveCfg = Release|Any CPU
		{20DEFCE4-496F-47A1-A1DC-0F5BFD60DFAC}.Release|Any CPU.Build.0 = Release|Any CPU
	EndGlobalSection
	GlobalSection(SolutionProperties) = preSolution
		HideSolutionNode = FALSE
	EndGlobalSection
	GlobalSection(ExtensibilityGlobals) = postSolution
		SolutionGuid = {8DA45377-2B1C-4438-BCF7-58D0DBAF7828}
	EndGlobalSection
EndGlobal
